
Microsoft Visual Studio Solution File, Format Version 12.00
# Visual Studio Version 17
VisualStudioVersion = 17.0.32112.339
MinimumVisualStudioVersion = 10.0.40219.1
Project("{FAE04EC0-301F-11D3-BF4B-00C04F79EFBC}") = "GranitoTest.Application", "GranitoTest.Application\GranitoTest.Application.csproj", "{A81A0047-260C-42C3-AAC4-12DC1C585DEA}"
EndProject
Project("{FAE04EC0-301F-11D3-BF4B-00C04F79EFBC}") = "GranitoTest.TaxApi", "GranitoTest.TaxApi\GranitoTest.TaxApi.csproj", "{5D263DCE-0634-48A5-B4C0-4F134A166067}"
EndProject
Project("{FAE04EC0-301F-11D3-BF4B-00C04F79EFBC}") = "GranitoTest.CalcApi", "GranitoTest.CalcApi\GranitoTest.CalcApi.csproj", "{1FFFCD69-5D7F-413A-B185-8A892FF414CD}"
EndProject
Global
	GlobalSection(SolutionConfigurationPlatforms) = preSolution
		Debug|Any CPU = Debug|Any CPU
		Release|Any CPU = Release|Any CPU
	EndGlobalSection
	GlobalSection(ProjectConfigurationPlatforms) = postSolution
		{A81A0047-260C-42C3-AAC4-12DC1C585DEA}.Debug|Any CPU.ActiveCfg = Debug|Any CPU
		{A81A0047-260C-42C3-AAC4-12DC1C585DEA}.Debug|Any CPU.Build.0 = Debug|Any CPU
		{A81A0047-260C-42C3-AAC4-12DC1C585DEA}.Release|Any CPU.ActiveCfg = Release|Any CPU
		{A81A0047-260C-42C3-AAC4-12DC1C585DEA}.Release|Any CPU.Build.0 = Release|Any CPU
		{5D263DCE-0634-48A5-B4C0-4F134A166067}.Debug|Any CPU.ActiveCfg = Debug|Any CPU
		{5D263DCE-0634-48A5-B4C0-4F134A166067}.Debug|Any CPU.Build.0 = Debug|Any CPU
		{5D263DCE-0634-48A5-B4C0-4F134A166067}.Release|Any CPU.ActiveCfg = Release|Any CPU
		{5D263DCE-0634-48A5-B4C0-4F134A166067}.Release|Any CPU.Build.0 = Release|Any CPU
		{1FFFCD69-5D7F-413A-B185-8A892FF414CD}.Debug|Any CPU.ActiveCfg = Debug|Any CPU
		{1FFFCD69-5D7F-413A-B185-8A892FF414CD}.Debug|Any CPU.Build.0 = Debug|Any CPU
		{1FFFCD69-5D7F-413A-B185-8A892FF414CD}.Release|Any CPU.ActiveCfg = Release|Any CPU
		{1FFFCD69-5D7F-413A-B185-8A892FF414CD}.Release|Any CPU.Build.0 = Release|Any CPU
	EndGlobalSection
	GlobalSection(SolutionProperties) = preSolution
		HideSolutionNode = FALSE
	EndGlobalSection
	GlobalSection(ExtensibilityGlobals) = postSolution
		SolutionGuid = {F3C77B6A-B79E-4A77-9513-2B62B90FFF62}
	EndGlobalSection
EndGlobal
